// !$*UTF8*$!
{
	archiveVersion = 1;
	classes = {
	};
	objectVersion = 51;
	objects = {

/* Begin PBXBuildFile section */
		1C1AAFEF26871063000CF4E3 /* UserEditProfileViewController.storyboard in Resources */ = {isa = PBXBuildFile; fileRef = 1C1AAFEE26871063000CF4E3 /* UserEditProfileViewController.storyboard */; };
		1C1AAFF12687107E000CF4E3 /* UserProfileViewController.swift in Sources */ = {isa = PBXBuildFile; fileRef = 1C1AAFF02687107E000CF4E3 /* UserProfileViewController.swift */; };
		1C1AAFF42687232C000CF4E3 /* UIViewControllerExtension.swift in Sources */ = {isa = PBXBuildFile; fileRef = 1C1AAFF32687232C000CF4E3 /* UIViewControllerExtension.swift */; };
		1C1AAFF626872BE3000CF4E3 /* LoginModel.swift in Sources */ = {isa = PBXBuildFile; fileRef = 1C1AAFF526872BE3000CF4E3 /* LoginModel.swift */; };
		1C1AAFFA26873246000CF4E3 /* GoogleService-Info.plist in Resources */ = {isa = PBXBuildFile; fileRef = 1C1AAFF926873246000CF4E3 /* GoogleService-Info.plist */; };
		1C1AAFFC2687566C000CF4E3 /* User.swift in Sources */ = {isa = PBXBuildFile; fileRef = 1C1AAFFB2687566C000CF4E3 /* User.swift */; };
		1C1AAFFE268760DA000CF4E3 /* UIViewExtenssion.swift in Sources */ = {isa = PBXBuildFile; fileRef = 1C1AAFFD268760DA000CF4E3 /* UIViewExtenssion.swift */; };
		1C1AB0022687CA8C000CF4E3 /* HomeTabViewController.storyboard in Resources */ = {isa = PBXBuildFile; fileRef = 1C1AB0012687CA8C000CF4E3 /* HomeTabViewController.storyboard */; };
		1C1AB0052687DE86000CF4E3 /* HomeViewController.swift in Sources */ = {isa = PBXBuildFile; fileRef = 1C1AB0042687DE86000CF4E3 /* HomeViewController.swift */; };
		1C1AB0082687DED7000CF4E3 /* CategoriesTableViewCell.swift in Sources */ = {isa = PBXBuildFile; fileRef = 1C1AB0072687DED7000CF4E3 /* CategoriesTableViewCell.swift */; };
		1C1AB00B2687DF67000CF4E3 /* CategoryModel.swift in Sources */ = {isa = PBXBuildFile; fileRef = 1C1AB00A2687DF67000CF4E3 /* CategoryModel.swift */; };
		1C6116292686F165005A8E47 /* UserAuthService.swift in Sources */ = {isa = PBXBuildFile; fileRef = 1C6116282686F165005A8E47 /* UserAuthService.swift */; };
		1C61162C2686F1C5005A8E47 /* FieldValidation.swift in Sources */ = {isa = PBXBuildFile; fileRef = 1C61162B2686F1C5005A8E47 /* FieldValidation.swift */; };
		1C61162F2686F270005A8E47 /* DataServices.swift in Sources */ = {isa = PBXBuildFile; fileRef = 1C61162E2686F270005A8E47 /* DataServices.swift */; };
		1C6116322686F4A9005A8E47 /* Constants.swift in Sources */ = {isa = PBXBuildFile; fileRef = 1C6116312686F4A9005A8E47 /* Constants.swift */; };
		1C6D3FF326861D7400A3EEA8 /* SignUpViewController.storyboard in Resources */ = {isa = PBXBuildFile; fileRef = 1C6D3FF226861D7400A3EEA8 /* SignUpViewController.storyboard */; };
		1C82DB9C26862A6100056251 /* SignUpViewController.swift in Sources */ = {isa = PBXBuildFile; fileRef = 1C82DB9B26862A6100056251 /* SignUpViewController.swift */; };
		1CA89C702685ED51007E5AE1 /* AppDelegate.swift in Sources */ = {isa = PBXBuildFile; fileRef = 1CA89C6F2685ED51007E5AE1 /* AppDelegate.swift */; };
		1CA89C722685ED51007E5AE1 /* SceneDelegate.swift in Sources */ = {isa = PBXBuildFile; fileRef = 1CA89C712685ED51007E5AE1 /* SceneDelegate.swift */; };
		1CA89C742685ED51007E5AE1 /* LogInViewController.swift in Sources */ = {isa = PBXBuildFile; fileRef = 1CA89C732685ED51007E5AE1 /* LogInViewController.swift */; };
		1CA89C772685ED51007E5AE1 /* Main.storyboard in Resources */ = {isa = PBXBuildFile; fileRef = 1CA89C752685ED51007E5AE1 /* Main.storyboard */; };
		1CA89C792685ED53007E5AE1 /* Assets.xcassets in Resources */ = {isa = PBXBuildFile; fileRef = 1CA89C782685ED53007E5AE1 /* Assets.xcassets */; };
		1CA89C7C2685ED53007E5AE1 /* LaunchScreen.storyboard in Resources */ = {isa = PBXBuildFile; fileRef = 1CA89C7A2685ED53007E5AE1 /* LaunchScreen.storyboard */; };
		1CCF070626884732001F7113 /* HomeTabViewController.swift in Sources */ = {isa = PBXBuildFile; fileRef = 1CCF070526884732001F7113 /* HomeTabViewController.swift */; };
		1CCF070A26884E6F001F7113 /* ForgetPasswordViewController.storyboard in Resources */ = {isa = PBXBuildFile; fileRef = 1CCF070926884E6F001F7113 /* ForgetPasswordViewController.storyboard */; };
		1CCF070C26884E9E001F7113 /* ForgetPasswordViewController.swift in Sources */ = {isa = PBXBuildFile; fileRef = 1CCF070B26884E9E001F7113 /* ForgetPasswordViewController.swift */; };
		42CE38043CA46CBB86559C51 /* Pods_Bridal.framework in Frameworks */ = {isa = PBXBuildFile; fileRef = 8722EA54A4C25C5E5EFFBD0C /* Pods_Bridal.framework */; };
/* End PBXBuildFile section */

/* Begin PBXFileReference section */
		1C1AAFEE26871063000CF4E3 /* UserEditProfileViewController.storyboard */ = {isa = PBXFileReference; lastKnownFileType = file.storyboard; path = UserEditProfileViewController.storyboard; sourceTree = "<group>"; };
		1C1AAFF02687107E000CF4E3 /* UserProfileViewController.swift */ = {isa = PBXFileReference; lastKnownFileType = sourcecode.swift; path = UserProfileViewController.swift; sourceTree = "<group>"; };
		1C1AAFF32687232C000CF4E3 /* UIViewControllerExtension.swift */ = {isa = PBXFileReference; lastKnownFileType = sourcecode.swift; path = UIViewControllerExtension.swift; sourceTree = "<group>"; };
		1C1AAFF526872BE3000CF4E3 /* LoginModel.swift */ = {isa = PBXFileReference; lastKnownFileType = sourcecode.swift; path = LoginModel.swift; sourceTree = "<group>"; };
		1C1AAFF926873246000CF4E3 /* GoogleService-Info.plist */ = {isa = PBXFileReference; fileEncoding = 4; lastKnownFileType = text.plist.xml; path = "GoogleService-Info.plist"; sourceTree = "<group>"; };
		1C1AAFFB2687566C000CF4E3 /* User.swift */ = {isa = PBXFileReference; lastKnownFileType = sourcecode.swift; path = User.swift; sourceTree = "<group>"; };
		1C1AAFFD268760DA000CF4E3 /* UIViewExtenssion.swift */ = {isa = PBXFileReference; lastKnownFileType = sourcecode.swift; path = UIViewExtenssion.swift; sourceTree = "<group>"; };
		1C1AB0012687CA8C000CF4E3 /* HomeTabViewController.storyboard */ = {isa = PBXFileReference; lastKnownFileType = file.storyboard; path = HomeTabViewController.storyboard; sourceTree = "<group>"; };
		1C1AB0042687DE86000CF4E3 /* HomeViewController.swift */ = {isa = PBXFileReference; lastKnownFileType = sourcecode.swift; path = HomeViewController.swift; sourceTree = "<group>"; };
		1C1AB0072687DED7000CF4E3 /* CategoriesTableViewCell.swift */ = {isa = PBXFileReference; lastKnownFileType = sourcecode.swift; path = CategoriesTableViewCell.swift; sourceTree = "<group>"; };
		1C1AB00A2687DF67000CF4E3 /* CategoryModel.swift */ = {isa = PBXFileReference; lastKnownFileType = sourcecode.swift; path = CategoryModel.swift; sourceTree = "<group>"; };
		1C6116282686F165005A8E47 /* UserAuthService.swift */ = {isa = PBXFileReference; lastKnownFileType = sourcecode.swift; path = UserAuthService.swift; sourceTree = "<group>"; };
		1C61162B2686F1C5005A8E47 /* FieldValidation.swift */ = {isa = PBXFileReference; lastKnownFileType = sourcecode.swift; path = FieldValidation.swift; sourceTree = "<group>"; };
		1C61162E2686F270005A8E47 /* DataServices.swift */ = {isa = PBXFileReference; lastKnownFileType = sourcecode.swift; path = DataServices.swift; sourceTree = "<group>"; };
		1C6116312686F4A9005A8E47 /* Constants.swift */ = {isa = PBXFileReference; lastKnownFileType = sourcecode.swift; path = Constants.swift; sourceTree = "<group>"; };
		1C6D3FF226861D7400A3EEA8 /* SignUpViewController.storyboard */ = {isa = PBXFileReference; lastKnownFileType = file.storyboard; path = SignUpViewController.storyboard; sourceTree = "<group>"; };
		1C82DB9B26862A6100056251 /* SignUpViewController.swift */ = {isa = PBXFileReference; lastKnownFileType = sourcecode.swift; path = SignUpViewController.swift; sourceTree = "<group>"; };
		1CA89C6C2685ED51007E5AE1 /* Bridal.app */ = {isa = PBXFileReference; explicitFileType = wrapper.application; includeInIndex = 0; path = Bridal.app; sourceTree = BUILT_PRODUCTS_DIR; };
		1CA89C6F2685ED51007E5AE1 /* AppDelegate.swift */ = {isa = PBXFileReference; lastKnownFileType = sourcecode.swift; path = AppDelegate.swift; sourceTree = "<group>"; };
		1CA89C712685ED51007E5AE1 /* SceneDelegate.swift */ = {isa = PBXFileReference; lastKnownFileType = sourcecode.swift; path = SceneDelegate.swift; sourceTree = "<group>"; };
		1CA89C732685ED51007E5AE1 /* LogInViewController.swift */ = {isa = PBXFileReference; lastKnownFileType = sourcecode.swift; path = LogInViewController.swift; sourceTree = "<group>"; };
		1CA89C762685ED51007E5AE1 /* Base */ = {isa = PBXFileReference; lastKnownFileType = file.storyboard; name = Base; path = Base.lproj/Main.storyboard; sourceTree = "<group>"; };
		1CA89C782685ED53007E5AE1 /* Assets.xcassets */ = {isa = PBXFileReference; lastKnownFileType = folder.assetcatalog; path = Assets.xcassets; sourceTree = "<group>"; };
		1CA89C7B2685ED53007E5AE1 /* Base */ = {isa = PBXFileReference; lastKnownFileType = file.storyboard; name = Base; path = Base.lproj/LaunchScreen.storyboard; sourceTree = "<group>"; };
		1CA89C7D2685ED53007E5AE1 /* Info.plist */ = {isa = PBXFileReference; lastKnownFileType = text.plist.xml; path = Info.plist; sourceTree = "<group>"; };
		1CCF070526884732001F7113 /* HomeTabViewController.swift */ = {isa = PBXFileReference; lastKnownFileType = sourcecode.swift; path = HomeTabViewController.swift; sourceTree = "<group>"; };
		1CCF070926884E6F001F7113 /* ForgetPasswordViewController.storyboard */ = {isa = PBXFileReference; lastKnownFileType = file.storyboard; path = ForgetPasswordViewController.storyboard; sourceTree = "<group>"; };
		1CCF070B26884E9E001F7113 /* ForgetPasswordViewController.swift */ = {isa = PBXFileReference; lastKnownFileType = sourcecode.swift; path = ForgetPasswordViewController.swift; sourceTree = "<group>"; };
		8722EA54A4C25C5E5EFFBD0C /* Pods_Bridal.framework */ = {isa = PBXFileReference; explicitFileType = wrapper.framework; includeInIndex = 0; path = Pods_Bridal.framework; sourceTree = BUILT_PRODUCTS_DIR; };
		C605941A4F1E0CC5AAF3B3D7 /* Pods-Bridal.release.xcconfig */ = {isa = PBXFileReference; includeInIndex = 1; lastKnownFileType = text.xcconfig; name = "Pods-Bridal.release.xcconfig"; path = "Target Support Files/Pods-Bridal/Pods-Bridal.release.xcconfig"; sourceTree = "<group>"; };
		F187DBC95DCCF415E0E6CE09 /* Pods-Bridal.debug.xcconfig */ = {isa = PBXFileReference; includeInIndex = 1; lastKnownFileType = text.xcconfig; name = "Pods-Bridal.debug.xcconfig"; path = "Target Support Files/Pods-Bridal/Pods-Bridal.debug.xcconfig"; sourceTree = "<group>"; };
/* End PBXFileReference section */

/* Begin PBXFrameworksBuildPhase section */
		1CA89C692685ED51007E5AE1 /* Frameworks */ = {
			isa = PBXFrameworksBuildPhase;
			buildActionMask = 2147483647;
			files = (
				42CE38043CA46CBB86559C51 /* Pods_Bridal.framework in Frameworks */,
			);
			runOnlyForDeploymentPostprocessing = 0;
		};
/* End PBXFrameworksBuildPhase section */

/* Begin PBXGroup section */
		16956A268E90B6A9F99E237B /* Frameworks */ = {
			isa = PBXGroup;
			children = (
				8722EA54A4C25C5E5EFFBD0C /* Pods_Bridal.framework */,
			);
			name = Frameworks;
			sourceTree = "<group>";
		};
		1C1AAFED26871035000CF4E3 /* View */ = {
			isa = PBXGroup;
			children = (
				1C1AAFEE26871063000CF4E3 /* UserEditProfileViewController.storyboard */,
				1C1AAFF02687107E000CF4E3 /* UserProfileViewController.swift */,
			);
			path = View;
			sourceTree = "<group>";
		};
		1C1AAFF2268722FD000CF4E3 /* Extenssions */ = {
			isa = PBXGroup;
			children = (
				1C1AAFF32687232C000CF4E3 /* UIViewControllerExtension.swift */,
				1C1AAFFD268760DA000CF4E3 /* UIViewExtenssion.swift */,
			);
			path = Extenssions;
			sourceTree = "<group>";
		};
		1C1AAFFF2687C8E2000CF4E3 /* Home Tab */ = {
			isa = PBXGroup;
			children = (
				1CA89C862685EFA6007E5AE1 /* Profile */,
				1C1AB0032687DE50000CF4E3 /* Home */,
			);
			path = "Home Tab";
			sourceTree = "<group>";
		};
		1C1AB0002687CA55000CF4E3 /* View */ = {
			isa = PBXGroup;
			children = (
				1C1AB0062687DEB6000CF4E3 /* Cell */,
				1C1AB0012687CA8C000CF4E3 /* HomeTabViewController.storyboard */,
				1CCF070526884732001F7113 /* HomeTabViewController.swift */,
				1C1AB0042687DE86000CF4E3 /* HomeViewController.swift */,
			);
			path = View;
			sourceTree = "<group>";
		};
		1C1AB0032687DE50000CF4E3 /* Home */ = {
			isa = PBXGroup;
			children = (
				1C1AB0092687DF49000CF4E3 /* Model */,
				1C1AB0002687CA55000CF4E3 /* View */,
			);
			path = Home;
			sourceTree = "<group>";
		};
		1C1AB0062687DEB6000CF4E3 /* Cell */ = {
			isa = PBXGroup;
			children = (
				1C1AB0072687DED7000CF4E3 /* CategoriesTableViewCell.swift */,
			);
			path = Cell;
			sourceTree = "<group>";
		};
		1C1AB0092687DF49000CF4E3 /* Model */ = {
			isa = PBXGroup;
			children = (
				1C1AB00A2687DF67000CF4E3 /* CategoryModel.swift */,
			);
			path = Model;
			sourceTree = "<group>";
		};
		1C61162A2686F179005A8E47 /* User Authontication */ = {
			isa = PBXGroup;
			children = (
				1C6116282686F165005A8E47 /* UserAuthService.swift */,
				1C61162B2686F1C5005A8E47 /* FieldValidation.swift */,
			);
			path = "User Authontication";
			sourceTree = "<group>";
		};
		1C61162D2686F247005A8E47 /* Networking */ = {
			isa = PBXGroup;
			children = (
				1C61162E2686F270005A8E47 /* DataServices.swift */,
			);
			path = Networking;
			sourceTree = "<group>";
		};
		1C6116302686F48E005A8E47 /* Utilities */ = {
			isa = PBXGroup;
			children = (
				1C6116312686F4A9005A8E47 /* Constants.swift */,
			);
			path = Utilities;
			sourceTree = "<group>";
		};
		1CA89C632685ED51007E5AE1 = {
			isa = PBXGroup;
			children = (
				1CA89C6E2685ED51007E5AE1 /* Bridal */,
				1CA89C6D2685ED51007E5AE1 /* Products */,
				F7CA0B30D9B7AC8B9680DBB3 /* Pods */,
				16956A268E90B6A9F99E237B /* Frameworks */,
			);
			sourceTree = "<group>";
		};
		1CA89C6D2685ED51007E5AE1 /* Products */ = {
			isa = PBXGroup;
			children = (
				1CA89C6C2685ED51007E5AE1 /* Bridal.app */,
			);
			name = Products;
			sourceTree = "<group>";
		};
		1CA89C6E2685ED51007E5AE1 /* Bridal */ = {
			isa = PBXGroup;
			children = (
				1C1AAFF2268722FD000CF4E3 /* Extenssions */,
				1C6116302686F48E005A8E47 /* Utilities */,
				1C61162D2686F247005A8E47 /* Networking */,
				1C1AAFFF2687C8E2000CF4E3 /* Home Tab */,
				1CA89C832685EF44007E5AE1 /* User */,
				1CA89C7A2685ED53007E5AE1 /* LaunchScreen.storyboard */,
				1CA89C6F2685ED51007E5AE1 /* AppDelegate.swift */,
				1CA89C712685ED51007E5AE1 /* SceneDelegate.swift */,
				1CA89C782685ED53007E5AE1 /* Assets.xcassets */,
				1C1AAFF926873246000CF4E3 /* GoogleService-Info.plist */,
				1CA89C7D2685ED53007E5AE1 /* Info.plist */,
			);
			path = Bridal;
			sourceTree = "<group>";
		};
		1CA89C832685EF44007E5AE1 /* User */ = {
			isa = PBXGroup;
			children = (
				1CCF070726884DE8001F7113 /* Forget Password */,
				1C61162A2686F179005A8E47 /* User Authontication */,
				1CA89C842685EF60007E5AE1 /* Login */,
				1CA89C852685EF83007E5AE1 /* Sign up */,
			);
			path = User;
			sourceTree = "<group>";
		};
		1CA89C842685EF60007E5AE1 /* Login */ = {
			isa = PBXGroup;
			children = (
				1CA89C872685EFC0007E5AE1 /* View */,
				1CA89C882685EFCB007E5AE1 /* Model */,
			);
			path = Login;
			sourceTree = "<group>";
		};
		1CA89C852685EF83007E5AE1 /* Sign up */ = {
			isa = PBXGroup;
			children = (
				1CA89C892685EFF3007E5AE1 /* View */,
				1CA89C8A2685EFFE007E5AE1 /* Model */,
			);
			path = "Sign up";
			sourceTree = "<group>";
		};
		1CA89C862685EFA6007E5AE1 /* Profile */ = {
			isa = PBXGroup;
			children = (
				1C1AAFED26871035000CF4E3 /* View */,
			);
			path = Profile;
			sourceTree = "<group>";
		};
		1CA89C872685EFC0007E5AE1 /* View */ = {
			isa = PBXGroup;
			children = (
				1CA89C752685ED51007E5AE1 /* Main.storyboard */,
				1CA89C732685ED51007E5AE1 /* LogInViewController.swift */,
			);
			path = View;
			sourceTree = "<group>";
		};
		1CA89C882685EFCB007E5AE1 /* Model */ = {
			isa = PBXGroup;
			children = (
				1C1AAFF526872BE3000CF4E3 /* LoginModel.swift */,
			);
			path = Model;
			sourceTree = "<group>";
		};
		1CA89C892685EFF3007E5AE1 /* View */ = {
			isa = PBXGroup;
			children = (
				1C6D3FF226861D7400A3EEA8 /* SignUpViewController.storyboard */,
				1C82DB9B26862A6100056251 /* SignUpViewController.swift */,
			);
			path = View;
			sourceTree = "<group>";
		};
		1CA89C8A2685EFFE007E5AE1 /* Model */ = {
			isa = PBXGroup;
			children = (
				1C1AAFFB2687566C000CF4E3 /* User.swift */,
			);
			path = Model;
			sourceTree = "<group>";
		};
		1CCF070726884DE8001F7113 /* Forget Password */ = {
			isa = PBXGroup;
			children = (
				1CCF070826884E0B001F7113 /* View */,
			);
			path = "Forget Password";
			sourceTree = "<group>";
		};
		1CCF070826884E0B001F7113 /* View */ = {
			isa = PBXGroup;
			children = (
				1CCF070926884E6F001F7113 /* ForgetPasswordViewController.storyboard */,
				1CCF070B26884E9E001F7113 /* ForgetPasswordViewController.swift */,
			);
			path = View;
			sourceTree = "<group>";
		};
		F7CA0B30D9B7AC8B9680DBB3 /* Pods */ = {
			isa = PBXGroup;
			children = (
				F187DBC95DCCF415E0E6CE09 /* Pods-Bridal.debug.xcconfig */,
				C605941A4F1E0CC5AAF3B3D7 /* Pods-Bridal.release.xcconfig */,
			);
			path = Pods;
			sourceTree = "<group>";
		};
/* End PBXGroup section */

/* Begin PBXNativeTarget section */
		1CA89C6B2685ED51007E5AE1 /* Bridal */ = {
			isa = PBXNativeTarget;
			buildConfigurationList = 1CA89C802685ED53007E5AE1 /* Build configuration list for PBXNativeTarget "Bridal" */;
			buildPhases = (
				A6513D5FBF4EC9F6179E692C /* [CP] Check Pods Manifest.lock */,
				1CA89C682685ED51007E5AE1 /* Sources */,
				1CA89C692685ED51007E5AE1 /* Frameworks */,
				1CA89C6A2685ED51007E5AE1 /* Resources */,
				7FD1B4DB2B257B730EAF5391 /* [CP] Embed Pods Frameworks */,
			);
			buildRules = (
			);
			dependencies = (
			);
			name = Bridal;
			productName = Bridal;
			productReference = 1CA89C6C2685ED51007E5AE1 /* Bridal.app */;
			productType = "com.apple.product-type.application";
		};
/* End PBXNativeTarget section */

/* Begin PBXProject section */
		1CA89C642685ED51007E5AE1 /* Project object */ = {
			isa = PBXProject;
			attributes = {
				LastSwiftUpdateCheck = 1250;
				LastUpgradeCheck = 1250;
				TargetAttributes = {
					1CA89C6B2685ED51007E5AE1 = {
						CreatedOnToolsVersion = 12.5.1;
					};
				};
			};
			buildConfigurationList = 1CA89C672685ED51007E5AE1 /* Build configuration list for PBXProject "Bridal" */;
			compatibilityVersion = "Xcode 9.3";
			developmentRegion = en;
			hasScannedForEncodings = 0;
			knownRegions = (
				en,
				Base,
			);
			mainGroup = 1CA89C632685ED51007E5AE1;
			productRefGroup = 1CA89C6D2685ED51007E5AE1 /* Products */;
			projectDirPath = "";
			projectRoot = "";
			targets = (
				1CA89C6B2685ED51007E5AE1 /* Bridal */,
			);
		};
/* End PBXProject section */

/* Begin PBXResourcesBuildPhase section */
		1CA89C6A2685ED51007E5AE1 /* Resources */ = {
			isa = PBXResourcesBuildPhase;
			buildActionMask = 2147483647;
			files = (
				1C1AAFEF26871063000CF4E3 /* UserEditProfileViewController.storyboard in Resources */,
				1CA89C7C2685ED53007E5AE1 /* LaunchScreen.storyboard in Resources */,
				1C1AB0022687CA8C000CF4E3 /* HomeTabViewController.storyboard in Resources */,
				1C6D3FF326861D7400A3EEA8 /* SignUpViewController.storyboard in Resources */,
				1CA89C792685ED53007E5AE1 /* Assets.xcassets in Resources */,
				1CA89C772685ED51007E5AE1 /* Main.storyboard in Resources */,
				1C1AAFFA26873246000CF4E3 /* GoogleService-Info.plist in Resources */,
				1CCF070A26884E6F001F7113 /* ForgetPasswordViewController.storyboard in Resources */,
			);
			runOnlyForDeploymentPostprocessing = 0;
		};
/* End PBXResourcesBuildPhase section */

/* Begin PBXShellScriptBuildPhase section */
		7FD1B4DB2B257B730EAF5391 /* [CP] Embed Pods Frameworks */ = {
			isa = PBXShellScriptBuildPhase;
			buildActionMask = 2147483647;
			files = (
			);
			inputFileListPaths = (
				"${PODS_ROOT}/Target Support Files/Pods-Bridal/Pods-Bridal-frameworks-${CONFIGURATION}-input-files.xcfilelist",
			);
			name = "[CP] Embed Pods Frameworks";
			outputFileListPaths = (
				"${PODS_ROOT}/Target Support Files/Pods-Bridal/Pods-Bridal-frameworks-${CONFIGURATION}-output-files.xcfilelist",
			);
			runOnlyForDeploymentPostprocessing = 0;
			shellPath = /bin/sh;
			shellScript = "\"${PODS_ROOT}/Target Support Files/Pods-Bridal/Pods-Bridal-frameworks.sh\"\n";
			showEnvVarsInLog = 0;
		};
		A6513D5FBF4EC9F6179E692C /* [CP] Check Pods Manifest.lock */ = {
			isa = PBXShellScriptBuildPhase;
			buildActionMask = 2147483647;
			files = (
			);
			inputFileListPaths = (
			);
			inputPaths = (
				"${PODS_PODFILE_DIR_PATH}/Podfile.lock",
				"${PODS_ROOT}/Manifest.lock",
			);
			name = "[CP] Check Pods Manifest.lock";
			outputFileListPaths = (
			);
			outputPaths = (
				"$(DERIVED_FILE_DIR)/Pods-Bridal-checkManifestLockResult.txt",
			);
			runOnlyForDeploymentPostprocessing = 0;
			shellPath = /bin/sh;
			shellScript = "diff \"${PODS_PODFILE_DIR_PATH}/Podfile.lock\" \"${PODS_ROOT}/Manifest.lock\" > /dev/null\nif [ $? != 0 ] ; then\n    # print error to STDERR\n    echo \"error: The sandbox is not in sync with the Podfile.lock. Run 'pod install' or update your CocoaPods installation.\" >&2\n    exit 1\nfi\n# This output is used by Xcode 'outputs' to avoid re-running this script phase.\necho \"SUCCESS\" > \"${SCRIPT_OUTPUT_FILE_0}\"\n";
			showEnvVarsInLog = 0;
		};
/* End PBXShellScriptBuildPhase section */

/* Begin PBXSourcesBuildPhase section */
		1CA89C682685ED51007E5AE1 /* Sources */ = {
			isa = PBXSourcesBuildPhase;
			buildActionMask = 2147483647;
			files = (
				1C1AB0082687DED7000CF4E3 /* CategoriesTableViewCell.swift in Sources */,
				1C6116292686F165005A8E47 /* UserAuthService.swift in Sources */,
				1C61162F2686F270005A8E47 /* DataServices.swift in Sources */,
				1C1AAFF42687232C000CF4E3 /* UIViewControllerExtension.swift in Sources */,
				1CCF070C26884E9E001F7113 /* ForgetPasswordViewController.swift in Sources */,
				1C1AAFF626872BE3000CF4E3 /* LoginModel.swift in Sources */,
				1CA89C742685ED51007E5AE1 /* LogInViewController.swift in Sources */,
				1C1AB0052687DE86000CF4E3 /* HomeViewController.swift in Sources */,
				1CA89C702685ED51007E5AE1 /* AppDelegate.swift in Sources */,
				1C82DB9C26862A6100056251 /* SignUpViewController.swift in Sources */,
				1CA89C722685ED51007E5AE1 /* SceneDelegate.swift in Sources */,
				1C1AAFFC2687566C000CF4E3 /* User.swift in Sources */,
				1CCF070626884732001F7113 /* HomeTabViewController.swift in Sources */,
				1C61162C2686F1C5005A8E47 /* FieldValidation.swift in Sources */,
				1C1AAFFE268760DA000CF4E3 /* UIViewExtenssion.swift in Sources */,
				1C1AB00B2687DF67000CF4E3 /* CategoryModel.swift in Sources */,
				1C1AAFF12687107E000CF4E3 /* UserProfileViewController.swift in Sources */,
				1C6116322686F4A9005A8E47 /* Constants.swift in Sources */,
			);
			runOnlyForDeploymentPostprocessing = 0;
		};
/* End PBXSourcesBuildPhase section */

/* Begin PBXVariantGroup section */
		1CA89C752685ED51007E5AE1 /* Main.storyboard */ = {
			isa = PBXVariantGroup;
			children = (
				1CA89C762685ED51007E5AE1 /* Base */,
			);
			name = Main.storyboard;
			sourceTree = "<group>";
		};
		1CA89C7A2685ED53007E5AE1 /* LaunchScreen.storyboard */ = {
			isa = PBXVariantGroup;
			children = (
				1CA89C7B2685ED53007E5AE1 /* Base */,
			);
			name = LaunchScreen.storyboard;
			sourceTree = "<group>";
		};
/* End PBXVariantGroup section */

/* Begin XCBuildConfiguration section */
		1CA89C7E2685ED53007E5AE1 /* Debug */ = {
			isa = XCBuildConfiguration;
			buildSettings = {
				ALWAYS_SEARCH_USER_PATHS = NO;
				CLANG_ANALYZER_NONNULL = YES;
				CLANG_ANALYZER_NUMBER_OBJECT_CONVERSION = YES_AGGRESSIVE;
				CLANG_CXX_LANGUAGE_STANDARD = "gnu++14";
				CLANG_CXX_LIBRARY = "libc++";
				CLANG_ENABLE_MODULES = YES;
				CLANG_ENABLE_OBJC_ARC = YES;
				CLANG_ENABLE_OBJC_WEAK = YES;
				CLANG_WARN_BLOCK_CAPTURE_AUTORELEASING = YES;
				CLANG_WARN_BOOL_CONVERSION = YES;
				CLANG_WARN_COMMA = YES;
				CLANG_WARN_CONSTANT_CONVERSION = YES;
				CLANG_WARN_DEPRECATED_OBJC_IMPLEMENTATIONS = YES;
				CLANG_WARN_DIRECT_OBJC_ISA_USAGE = YES_ERROR;
				CLANG_WARN_DOCUMENTATION_COMMENTS = YES;
				CLANG_WARN_EMPTY_BODY = YES;
				CLANG_WARN_ENUM_CONVERSION = YES;
				CLANG_WARN_INFINITE_RECURSION = YES;
				CLANG_WARN_INT_CONVERSION = YES;
				CLANG_WARN_NON_LITERAL_NULL_CONVERSION = YES;
				CLANG_WARN_OBJC_IMPLICIT_RETAIN_SELF = YES;
				CLANG_WARN_OBJC_LITERAL_CONVERSION = YES;
				CLANG_WARN_OBJC_ROOT_CLASS = YES_ERROR;
				CLANG_WARN_QUOTED_INCLUDE_IN_FRAMEWORK_HEADER = YES;
				CLANG_WARN_RANGE_LOOP_ANALYSIS = YES;
				CLANG_WARN_STRICT_PROTOTYPES = YES;
				CLANG_WARN_SUSPICIOUS_MOVE = YES;
				CLANG_WARN_UNGUARDED_AVAILABILITY = YES_AGGRESSIVE;
				CLANG_WARN_UNREACHABLE_CODE = YES;
				CLANG_WARN__DUPLICATE_METHOD_MATCH = YES;
				COPY_PHASE_STRIP = NO;
				DEBUG_INFORMATION_FORMAT = dwarf;
				ENABLE_STRICT_OBJC_MSGSEND = YES;
				ENABLE_TESTABILITY = YES;
				GCC_C_LANGUAGE_STANDARD = gnu11;
				GCC_DYNAMIC_NO_PIC = NO;
				GCC_NO_COMMON_BLOCKS = YES;
				GCC_OPTIMIZATION_LEVEL = 0;
				GCC_PREPROCESSOR_DEFINITIONS = (
					"DEBUG=1",
					"$(inherited)",
				);
				GCC_WARN_64_TO_32_BIT_CONVERSION = YES;
				GCC_WARN_ABOUT_RETURN_TYPE = YES_ERROR;
				GCC_WARN_UNDECLARED_SELECTOR = YES;
				GCC_WARN_UNINITIALIZED_AUTOS = YES_AGGRESSIVE;
				GCC_WARN_UNUSED_FUNCTION = YES;
				GCC_WARN_UNUSED_VARIABLE = YES;
				IPHONEOS_DEPLOYMENT_TARGET = 14.5;
				MTL_ENABLE_DEBUG_INFO = INCLUDE_SOURCE;
				MTL_FAST_MATH = YES;
				ONLY_ACTIVE_ARCH = YES;
				SDKROOT = iphoneos;
				SWIFT_ACTIVE_COMPILATION_CONDITIONS = DEBUG;
				SWIFT_OPTIMIZATION_LEVEL = "-Onone";
			};
			name = Debug;
		};
		1CA89C7F2685ED53007E5AE1 /* Release */ = {
			isa = XCBuildConfiguration;
			buildSettings = {
				ALWAYS_SEARCH_USER_PATHS = NO;
				CLANG_ANALYZER_NONNULL = YES;
				CLANG_ANALYZER_NUMBER_OBJECT_CONVERSION = YES_AGGRESSIVE;
				CLANG_CXX_LANGUAGE_STANDARD = "gnu++14";
				CLANG_CXX_LIBRARY = "libc++";
				CLANG_ENABLE_MODULES = YES;
				CLANG_ENABLE_OBJC_ARC = YES;
				CLANG_ENABLE_OBJC_WEAK = YES;
				CLANG_WARN_BLOCK_CAPTURE_AUTORELEASING = YES;
				CLANG_WARN_BOOL_CONVERSION = YES;
				CLANG_WARN_COMMA = YES;
				CLANG_WARN_CONSTANT_CONVERSION = YES;
				CLANG_WARN_DEPRECATED_OBJC_IMPLEMENTATIONS = YES;
				CLANG_WARN_DIRECT_OBJC_ISA_USAGE = YES_ERROR;
				CLANG_WARN_DOCUMENTATION_COMMENTS = YES;
				CLANG_WARN_EMPTY_BODY = YES;
				CLANG_WARN_ENUM_CONVERSION = YES;
				CLANG_WARN_INFINITE_RECURSION = YES;
				CLANG_WARN_INT_CONVERSION = YES;
				CLANG_WARN_NON_LITERAL_NULL_CONVERSION = YES;
				CLANG_WARN_OBJC_IMPLICIT_RETAIN_SELF = YES;
				CLANG_WARN_OBJC_LITERAL_CONVERSION = YES;
				CLANG_WARN_OBJC_ROOT_CLASS = YES_ERROR;
				CLANG_WARN_QUOTED_INCLUDE_IN_FRAMEWORK_HEADER = YES;
				CLANG_WARN_RANGE_LOOP_ANALYSIS = YES;
				CLANG_WARN_STRICT_PROTOTYPES = YES;
				CLANG_WARN_SUSPICIOUS_MOVE = YES;
				CLANG_WARN_UNGUARDED_AVAILABILITY = YES_AGGRESSIVE;
				CLANG_WARN_UNREACHABLE_CODE = YES;
				CLANG_WARN__DUPLICATE_METHOD_MATCH = YES;
				COPY_PHASE_STRIP = NO;
				DEBUG_INFORMATION_FORMAT = "dwarf-with-dsym";
				ENABLE_NS_ASSERTIONS = NO;
				ENABLE_STRICT_OBJC_MSGSEND = YES;
				GCC_C_LANGUAGE_STANDARD = gnu11;
				GCC_NO_COMMON_BLOCKS = YES;
				GCC_WARN_64_TO_32_BIT_CONVERSION = YES;
				GCC_WARN_ABOUT_RETURN_TYPE = YES_ERROR;
				GCC_WARN_UNDECLARED_SELECTOR = YES;
				GCC_WARN_UNINITIALIZED_AUTOS = YES_AGGRESSIVE;
				GCC_WARN_UNUSED_FUNCTION = YES;
				GCC_WARN_UNUSED_VARIABLE = YES;
				IPHONEOS_DEPLOYMENT_TARGET = 14.5;
				MTL_ENABLE_DEBUG_INFO = NO;
				MTL_FAST_MATH = YES;
				SDKROOT = iphoneos;
				SWIFT_COMPILATION_MODE = wholemodule;
				SWIFT_OPTIMIZATION_LEVEL = "-O";
				VALIDATE_PRODUCT = YES;
			};
			name = Release;
		};
		1CA89C812685ED53007E5AE1 /* Debug */ = {
			isa = XCBuildConfiguration;
			baseConfigurationReference = F187DBC95DCCF415E0E6CE09 /* Pods-Bridal.debug.xcconfig */;
			buildSettings = {
				ASSETCATALOG_COMPILER_APPICON_NAME = AppIcon;
				ASSETCATALOG_COMPILER_GLOBAL_ACCENT_COLOR_NAME = AccentColor;
				CODE_SIGN_STYLE = Automatic;
				DEVELOPMENT_TEAM = 92769LFWQS;
				INFOPLIST_FILE = Bridal/Info.plist;
				LD_RUNPATH_SEARCH_PATHS = (
					"$(inherited)",
					"@executable_path/Frameworks",
				);
				PRODUCT_BUNDLE_IDENTIFIER = Bridal.Bridal;
				PRODUCT_NAME = "$(TARGET_NAME)";
				SWIFT_VERSION = 5.0;
				TARGETED_DEVICE_FAMILY = "1,2";
			};
			name = Debug;
		};
		1CA89C822685ED53007E5AE1 /* Release */ = {
			isa = XCBuildConfiguration;
			baseConfigurationReference = C605941A4F1E0CC5AAF3B3D7 /* Pods-Bridal.release.xcconfig */;
			buildSettings = {
				ASSETCATALOG_COMPILER_APPICON_NAME = AppIcon;
				ASSETCATALOG_COMPILER_GLOBAL_ACCENT_COLOR_NAME = AccentColor;
				CODE_SIGN_STYLE = Automatic;
				DEVELOPMENT_TEAM = 92769LFWQS;
				INFOPLIST_FILE = Bridal/Info.plist;
				LD_RUNPATH_SEARCH_PATHS = (
					"$(inherited)",
					"@executable_path/Frameworks",
				);
				PRODUCT_BUNDLE_IDENTIFIER = Bridal.Bridal;
				PRODUCT_NAME = "$(TARGET_NAME)";
				SWIFT_VERSION = 5.0;
				TARGETED_DEVICE_FAMILY = "1,2";
			};
			name = Release;
		};
/* End XCBuildConfiguration section */

/* Begin XCConfigurationList section */
		1CA89C672685ED51007E5AE1 /* Build configuration list for PBXProject "Bridal" */ = {
			isa = XCConfigurationList;
			buildConfigurations = (
				1CA89C7E2685ED53007E5AE1 /* Debug */,
				1CA89C7F2685ED53007E5AE1 /* Release */,
			);
			defaultConfigurationIsVisible = 0;
			defaultConfigurationName = Release;
		};
		1CA89C802685ED53007E5AE1 /* Build configuration list for PBXNativeTarget "Bridal" */ = {
			isa = XCConfigurationList;
			buildConfigurations = (
				1CA89C812685ED53007E5AE1 /* Debug */,
				1CA89C822685ED53007E5AE1 /* Release */,
			);
			defaultConfigurationIsVisible = 0;
			defaultConfigurationName = Release;
		};
/* End XCConfigurationList section */
	};
	rootObject = 1CA89C642685ED51007E5AE1 /* Project object */;
}
